<?xml version="1.0" encoding="utf-8"?>
<Project ToolsVersion="4.0" xmlns="http://schemas.microsoft.com/developer/msbuild/2003">
  <ItemGroup>
    <Filter Include="Source Files">
      <UniqueIdentifier>{4FC737F1-C7A5-4376-A066-2A32D752A2FF}</UniqueIdentifier>
      <Extensions>cpp;c;cc;cxx;def;odl;idl;hpj;bat;asm;asmx</Extensions>
    </Filter>
    <Filter Include="Header Files">
      <UniqueIdentifier>{93995380-89BD-4b04-88EB-625FBE52EBFB}</UniqueIdentifier>
      <Extensions>h;hh;hpp;hxx;hm;inl;inc;ipp;xsd</Extensions>
    </Filter>
    <Filter Include="Resource Files">
      <UniqueIdentifier>{67DA6AB6-F800-4c08-8B7A-83BB121AAD01}</UniqueIdentifier>
      <Extensions>rc;ico;cur;bmp;dlg;rc2;rct;bin;rgs;gif;jpg;jpeg;jpe;resx;tiff;tif;png;wav;mfcribbon-ms</Extensions>
    </Filter>
  </ItemGroup>
  <ItemGroup>
    <ClCompile Include="11729.cpp">
      <Filter>Source Files</Filter>
    </ClCompile>
    <ClCompile Include="10991.cpp">
      <Filter>Source Files</Filter>
    </ClCompile>
    <ClCompile Include="10994.cpp">
      <Filter>Source Files</Filter>
    </ClCompile>
    <ClCompile Include="5597.cpp">
      <Filter>Source Files</Filter>
    </ClCompile>
    <ClCompile Include="2167.cpp">
      <Filter>Source Files</Filter>
    </ClCompile>
    <ClCompile Include="16917.cpp">
      <Filter>Source Files</Filter>
    </ClCompile>
    <ClCompile Include="10569.cpp">
      <Filter>Source Files</Filter>
    </ClCompile>
    <ClCompile Include="2163.cpp">
      <Filter>Source Files</Filter>
    </ClCompile>
    <ClCompile Include="2864.cpp">
      <Filter>Source Files</Filter>
    </ClCompile>
    <ClCompile Include="2089.cpp">
      <Filter>Source Files</Filter>
    </ClCompile>
    <ClCompile Include="10984.cpp">
      <Filter>Source Files</Filter>
    </ClCompile>
    <ClCompile Include="1076.cpp">
      <Filter>Source Files</Filter>
    </ClCompile>
    <ClCompile Include="3053.cpp">
      <Filter>Source Files</Filter>
    </ClCompile>
    <ClCompile Include="11575.cpp">
      <Filter>Source Files</Filter>
    </ClCompile>
    <ClCompile Include="11576.cpp">
      <Filter>Source Files</Filter>
    </ClCompile>
    <ClCompile Include="4948.cpp">
      <Filter>Source Files</Filter>
    </ClCompile>
    <ClCompile Include="TestFile.cpp">
      <Filter>Source Files</Filter>
    </ClCompile>
    <ClCompile Include="1964.cpp">
      <Filter>Source Files</Filter>
    </ClCompile>
    <ClCompile Include="16935.cpp">
      <Filter>Source Files</Filter>
    </ClCompile>
    <ClCompile Include="2743.cpp">
      <Filter>Source Files</Filter>
    </ClCompile>
    <ClCompile Include="11586.cpp">
      <Filter>Source Files</Filter>
    </ClCompile>
    <ClCompile Include="10824.cpp">
      <Filter>Source Files</Filter>
    </ClCompile>
    <ClCompile Include="10822.cpp">
      <Filter>Source Files</Filter>
    </ClCompile>
    <ClCompile Include="10823.cpp">
      <Filter>Source Files</Filter>
    </ClCompile>
    <ClCompile Include="10173.cpp">
      <Filter>Source Files</Filter>
    </ClCompile>
    <ClCompile Include="6581.cpp">
      <Filter>Source Files</Filter>
    </ClCompile>
    <ClCompile Include="3613.cpp">
      <Filter>Source Files</Filter>
    </ClCompile>
    <ClCompile Include="11656.cpp">
      <Filter>Source Files</Filter>
    </ClCompile>
    <ClCompile Include="10813.cpp">
      <Filter>Source Files</Filter>
    </ClCompile>
    <ClCompile Include="10811.cpp">
      <Filter>Source Files</Filter>
    </ClCompile>
    <ClCompile Include="11650.cpp">
      <Filter>Source Files</Filter>
    </ClCompile>
    <ClCompile Include="11651.cpp">
      <Filter>Source Files</Filter>
    </ClCompile>
    <ClCompile Include="10814.cpp">
      <Filter>Source Files</Filter>
    </ClCompile>
    <ClCompile Include="10825.cpp">
      <Filter>Source Files</Filter>
    </ClCompile>
    <ClCompile Include="11946.cpp">
      <Filter>Source Files</Filter>
    </ClCompile>
    <ClCompile Include="1181.cpp">
      <Filter>Source Files</Filter>
    </ClCompile>
    <ClCompile Include="1920.cpp">
      <Filter>Source Files</Filter>
    </ClCompile>
    <ClCompile Include="10815.cpp">
      <Filter>Source Files</Filter>
    </ClCompile>
    <ClCompile Include="10974.cpp">
      <Filter>Source Files</Filter>
    </ClCompile>
    <ClCompile Include="10974_2.cpp">
      <Filter>Source Files</Filter>
    </ClCompile>
    <ClCompile Include="6603.cpp">
      <Filter>Source Files</Filter>
    </ClCompile>
    <ClCompile Include="10828.cpp">
      <Filter>Source Files</Filter>
    </ClCompile>
    <ClCompile Include="10845.cpp">
      <Filter>Source Files</Filter>
    </ClCompile>
    <ClCompile Include="9012.cpp">
      <Filter>Source Files</Filter>
    </ClCompile>
    <ClCompile Include="1966.cpp">
      <Filter>Source Files</Filter>
    </ClCompile>
    <ClCompile Include="10866.cpp">
      <Filter>Source Files</Filter>
    </ClCompile>
    <ClCompile Include="5430.cpp">
      <Filter>Source Files</Filter>
    </ClCompile>
    <ClCompile Include="1927.cpp">
      <Filter>Source Files</Filter>
    </ClCompile>
    <ClCompile Include="11279.cpp">
      <Filter>Source Files</Filter>
    </ClCompile>
    <ClCompile Include="1406.cpp">
      <Filter>Source Files</Filter>
    </ClCompile>
    <ClCompile Include="1764.cpp">
      <Filter>Source Files</Filter>
    </ClCompile>
    <ClCompile Include="1764_2.cpp">
      <Filter>Source Files</Filter>
    </ClCompile>
    <ClCompile Include="1302.cpp">
      <Filter>Source Files</Filter>
    </ClCompile>
    <ClCompile Include="17219.cpp">
      <Filter>Source Files</Filter>
    </ClCompile>
    <ClCompile Include="1620.cpp">
      <Filter>Source Files</Filter>
    </ClCompile>
    <ClCompile Include="7662.cpp">
      <Filter>Source Files</Filter>
    </ClCompile>
    <ClCompile Include="7662_2.cpp">
      <Filter>Source Files</Filter>
    </ClCompile>
    <ClCompile Include="12813.cpp">
      <Filter>Source Files</Filter>
    </ClCompile>
    <ClCompile Include="1260.cpp">
      <Filter>Source Files</Filter>
    </ClCompile>
    <ClCompile Include="dfs.cpp">
      <Filter>Source Files</Filter>
    </ClCompile>
    <ClCompile Include="bfs.cpp">
      <Filter>Source Files</Filter>
    </ClCompile>
    <ClCompile Include="11724.cpp">
      <Filter>Source Files</Filter>
    </ClCompile>
    <ClCompile Include="11123.cpp">
      <Filter>Source Files</Filter>
    </ClCompile>
    <ClCompile Include="1012.cpp">
      <Filter>Source Files</Filter>
    </ClCompile>
    <ClCompile Include="2667.cpp">
      <Filter>Source Files</Filter>
    </ClCompile>
  </ItemGroup>
</Project>